{
  "name": "goit-js-hw-07",
  "lockfileVersion": 2,
  "requires": true,
  "packages": {
    "": {
      "dependencies": {
        "simplelightbox": "^2.10.4"
      }
    },
    "node_modules/simplelightbox": {
      "version": "2.10.4",
      "resolved": "https://registry.npmjs.org/simplelightbox/-/simplelightbox-2.10.4.tgz",
      "integrity": "sha512-1sPONJV5wpzLhVCmZjkqa146mYy2kzZfvsljJ11acjMXOX2wL/KJ9Q2uanMsJUh09Ljq/pHEcTt9mCFWM7d/AQ=="
    }
  },
  "dependencies": {
    "simplelightbox": {
      "version": "2.10.4",
      "resolved": "https://registry.npmjs.org/simplelightbox/-/simplelightbox-2.10.4.tgz",
      "integrity": "sha512-1sPONJV5wpzLhVCmZjkqa146mYy2kzZfvsljJ11acjMXOX2wL/KJ9Q2uanMsJUh09Ljq/pHEcTt9mCFWM7d/AQ=="
    }
  }
}
